github.com/guillermoandrae/hugo-bklyn v0.0.0-20211230195123-1493add7fc1b h1:+wIyrMEmflVdIepbyY9bggzlS92DX8uf7POWYxP9Q30=
github.com/guillermoandrae/hugo-bklyn v0.0.0-20211230195123-1493add7fc1b/go.mod h1:d6NFc/Mz4wdRWxdDR2E20S/VlJ43fxBWGW80Ahhv+HM=
github.com/guillermoandrae/hugo-bklyn v0.0.0-20220101173411-4a448255c19c h1:5Cqd6oUVNSCGmCTbTxSdavCwe6BXoTXxLESTRkyWAfQ=
github.com/guillermoandrae/hugo-bklyn v0.0.0-20220101173411-4a448255c19c/go.mod h1:d6NFc/Mz4wdRWxdDR2E20S/VlJ43fxBWGW80Ahhv+HM=
